# @generated by Move, please check-in and do not edit manually.

[move]
version = 3
manifest_digest = "948E0C2CC75CBB906D8492A7856D553A85423197E9E3B5552070A2266D3EC415"
deps_digest = "F9B494B64F0615AED0E98FC12A85B85ECD2BC5185C22D30E7F67786BB52E507C"
dependencies = [
  { id = "Bridge", name = "Bridge" },
  { id = "MoveStdlib", name = "MoveStdlib" },
  { id = "Sui", name = "Sui" },
  { id = "SuiSystem", name = "SuiSystem" },
]

[[move.package]]
id = "Bridge"
source = { git = "https://github.com/MystenLabs/sui.git", rev = "ad937889f2f99bc666b05aaeadccb0d3d7d1f863", subdir = "crates/sui-framework/packages/bridge" }

dependencies = [
  { id = "MoveStdlib", name = "MoveStdlib" },
  { id = "Sui", name = "Sui" },
  { id = "SuiSystem", name = "SuiSystem" },
]

[[move.package]]
id = "MoveStdlib"
source = { git = "https://github.com/MystenLabs/sui.git", rev = "ad937889f2f99bc666b05aaeadccb0d3d7d1f863", subdir = "crates/sui-framework/packages/move-stdlib" }

[[move.package]]
id = "Sui"
source = { git = "https://github.com/MystenLabs/sui.git", rev = "ad937889f2f99bc666b05aaeadccb0d3d7d1f863", subdir = "crates/sui-framework/packages/sui-framework" }

dependencies = [
  { id = "MoveStdlib", name = "MoveStdlib" },
]

[[move.package]]
id = "SuiSystem"
source = { git = "https://github.com/MystenLabs/sui.git", rev = "ad937889f2f99bc666b05aaeadccb0d3d7d1f863", subdir = "crates/sui-framework/packages/sui-system" }

dependencies = [
  { id = "MoveStdlib", name = "MoveStdlib" },
  { id = "Sui", name = "Sui" },
]

[move.toolchain-version]
compiler-version = "1.62.0"
edition = "2024.beta"
flavor = "sui"

[env]

[env."@danielvh"]
chain-id = "58e278c2"
original-published-id = "0x3cd1078a843f9c058d9a21b66408df5bba91fc87e1d96f2782cc8ce0e53a05fd"
latest-published-id = "0x3cd1078a843f9c058d9a21b66408df5bba91fc87e1d96f2782cc8ce0e53a05fd"
published-version = "1"
